// !$*UTF8*$!
{
	archiveVersion = 1;
	classes = {
	};
	objectVersion = 56;
	objects = {

/* Begin PBXBuildFile section */
		0527E7E52BED2709006ECB75 /* AppDelegate.swift in Sources */ = {isa = PBXBuildFile; fileRef = 0527E7E42BED2709006ECB75 /* AppDelegate.swift */; };
		0527E7E72BED2709006ECB75 /* GameScene.sks in Resources */ = {isa = PBXBuildFile; fileRef = 0527E7E62BED2709006ECB75 /* GameScene.sks */; };
		0527E7E92BED2709006ECB75 /* Actions.sks in Resources */ = {isa = PBXBuildFile; fileRef = 0527E7E82BED2709006ECB75 /* Actions.sks */; };
		0527E7EB2BED2709006ECB75 /* GameScene.swift in Sources */ = {isa = PBXBuildFile; fileRef = 0527E7EA2BED2709006ECB75 /* GameScene.swift */; };
		0527E7ED2BED2709006ECB75 /* GameViewController.swift in Sources */ = {isa = PBXBuildFile; fileRef = 0527E7EC2BED2709006ECB75 /* GameViewController.swift */; };
		0527E7F02BED2709006ECB75 /* Base in Resources */ = {isa = PBXBuildFile; fileRef = 0527E7EF2BED2709006ECB75 /* Base */; };
		0527E7F22BED270C006ECB75 /* Assets.xcassets in Resources */ = {isa = PBXBuildFile; fileRef = 0527E7F12BED270C006ECB75 /* Assets.xcassets */; };
		0527E7F52BED270C006ECB75 /* Base in Resources */ = {isa = PBXBuildFile; fileRef = 0527E7F42BED270C006ECB75 /* Base */; };
		05B0C7F92BF4FE91008497FB /* flowerpot_winner.png in Resources */ = {isa = PBXBuildFile; fileRef = 05B0C7F82BF4FE91008497FB /* flowerpot_winner.png */; };
		05B0C7FB2BF51C0E008497FB /* flowerpot_double_2.png in Resources */ = {isa = PBXBuildFile; fileRef = 05B0C7FA2BF51C0E008497FB /* flowerpot_double_2.png */; };
		05B0C7FD2BF51C22008497FB /* flowerpot_double_1.png in Resources */ = {isa = PBXBuildFile; fileRef = 05B0C7FC2BF51C22008497FB /* flowerpot_double_1.png */; };
		05D327FA2BF24E8C00905592 /* DailyCheckinCellTableViewCell.swift in Sources */ = {isa = PBXBuildFile; fileRef = 05D327F82BF24E8C00905592 /* DailyCheckinCellTableViewCell.swift */; };
		05D327FB2BF24E8C00905592 /* DailyCheckinCellTableViewCell.xib in Resources */ = {isa = PBXBuildFile; fileRef = 05D327F92BF24E8C00905592 /* DailyCheckinCellTableViewCell.xib */; };
		05D327FD2BF264FD00905592 /* TouchControlInputNode.swift in Sources */ = {isa = PBXBuildFile; fileRef = 05D327FC2BF264FD00905592 /* TouchControlInputNode.swift */; };
		05D327FF2BF2688400905592 /* ControlInputDelegate.swift in Sources */ = {isa = PBXBuildFile; fileRef = 05D327FE2BF2688400905592 /* ControlInputDelegate.swift */; };
		05D328012BF274CE00905592 /* PlayerControlComponent.swift in Sources */ = {isa = PBXBuildFile; fileRef = 05D328002BF274CE00905592 /* PlayerControlComponent.swift */; };
		05D35D622BEFD93200605C78 /* HomeViewController.swift in Sources */ = {isa = PBXBuildFile; fileRef = 05D35D612BEFD93200605C78 /* HomeViewController.swift */; };
		05D35D642BEFDB8100605C78 /* GangOfThree.ttf in Resources */ = {isa = PBXBuildFile; fileRef = 05D35D632BEFDB8100605C78 /* GangOfThree.ttf */; };
		05DCE80C2BF04C5B00F97317 /* CurveLabel.swift in Sources */ = {isa = PBXBuildFile; fileRef = 05DCE80B2BF04C5B00F97317 /* CurveLabel.swift */; };
		05DCE80E2BF0512300F97317 /* UIColor+Extension.swift in Sources */ = {isa = PBXBuildFile; fileRef = 05DCE80D2BF0512300F97317 /* UIColor+Extension.swift */; };
		05DCE8102BF0602F00F97317 /* MenuView.swift in Sources */ = {isa = PBXBuildFile; fileRef = 05DCE80F2BF0602F00F97317 /* MenuView.swift */; };
		05DCE8122BF06FC300F97317 /* InstructionView.swift in Sources */ = {isa = PBXBuildFile; fileRef = 05DCE8112BF06FC300F97317 /* InstructionView.swift */; };
		05DCE8142BF0B44800F97317 /* OptionView.swift in Sources */ = {isa = PBXBuildFile; fileRef = 05DCE8132BF0B44800F97317 /* OptionView.swift */; };
		05DCE8162BF0B9D100F97317 /* UserInfomation.swift in Sources */ = {isa = PBXBuildFile; fileRef = 05DCE8152BF0B9D100F97317 /* UserInfomation.swift */; };
		05DCE8182BF0FA2000F97317 /* GameWarningView.swift in Sources */ = {isa = PBXBuildFile; fileRef = 05DCE8172BF0FA2000F97317 /* GameWarningView.swift */; };
		05DCE81A2BF105AF00F97317 /* BetView.swift in Sources */ = {isa = PBXBuildFile; fileRef = 05DCE8192BF105AF00F97317 /* BetView.swift */; };
		05E317252BF6611300CB3280 /* minigamewin.mp3 in Resources */ = {isa = PBXBuildFile; fileRef = 05E317242BF6611300CB3280 /* minigamewin.mp3 */; };
		05E317272BF6635200CB3280 /* minigametapbutton.mp3 in Resources */ = {isa = PBXBuildFile; fileRef = 05E317262BF6635200CB3280 /* minigametapbutton.mp3 */; };
		05F6290A2BF30AF00028EFAE /* flowerpot1.png in Resources */ = {isa = PBXBuildFile; fileRef = 05F629092BF30AF00028EFAE /* flowerpot1.png */; };
		05F6290C2BF30AF80028EFAE /* flowerpot2.png in Resources */ = {isa = PBXBuildFile; fileRef = 05F6290B2BF30AF80028EFAE /* flowerpot2.png */; };
		05F629102BF313100028EFAE /* MiniGameController.swift in Sources */ = {isa = PBXBuildFile; fileRef = 05F6290F2BF313100028EFAE /* MiniGameController.swift */; };
		05FC55C02BF3B5DF00DDE126 /* flowerpot3.png in Resources */ = {isa = PBXBuildFile; fileRef = 05FC55BF2BF3B5DF00DDE126 /* flowerpot3.png */; };
		05FC55C22BF3B5E600DDE126 /* flowerpot4.png in Resources */ = {isa = PBXBuildFile; fileRef = 05FC55C12BF3B5E600DDE126 /* flowerpot4.png */; };
		05FC55C42BF3B5EC00DDE126 /* flowerpot5.png in Resources */ = {isa = PBXBuildFile; fileRef = 05FC55C32BF3B5EC00DDE126 /* flowerpot5.png */; };
		3FF6CB821A65AA32F9E3CAE0 /* Pods_HopsterPoke.framework in Frameworks */ = {isa = PBXBuildFile; fileRef = 9AB0A2B7CD2AFC9385AF8204 /* Pods_HopsterPoke.framework */; };
		F024390D2BF4404D00FAEDD7 /* one_heart_left.wav in Resources */ = {isa = PBXBuildFile; fileRef = F024390C2BF4404D00FAEDD7 /* one_heart_left.wav */; };
		F05B85D52BF5DB360096451A /* flowerpot_tripple_1.png in Resources */ = {isa = PBXBuildFile; fileRef = F05B85D42BF5DB360096451A /* flowerpot_tripple_1.png */; };
		F05CAF432BF1A34400AF90D2 /* SoundService.swift in Sources */ = {isa = PBXBuildFile; fileRef = F05CAF422BF1A34400AF90D2 /* SoundService.swift */; };
		F05CAF482BF1B23700AF90D2 /* button_tap.mp3 in Resources */ = {isa = PBXBuildFile; fileRef = F05CAF472BF1B23700AF90D2 /* button_tap.mp3 */; };
		F05CAF4A2BF1B6AC00AF90D2 /* NotificationService.swift in Sources */ = {isa = PBXBuildFile; fileRef = F05CAF492BF1B6AC00AF90D2 /* NotificationService.swift */; };
		F05CAF4E2BF1C00800AF90D2 /* DailyCheckinViewController.swift in Sources */ = {isa = PBXBuildFile; fileRef = F05CAF4D2BF1C00800AF90D2 /* DailyCheckinViewController.swift */; };
		F05CAF542BF1C68600AF90D2 /* arrow_up_down.wav in Resources */ = {isa = PBXBuildFile; fileRef = F05CAF532BF1C68600AF90D2 /* arrow_up_down.wav */; };
/* End PBXBuildFile section */

/* Begin PBXFileReference section */
		0527E7E12BED2709006ECB75 /* HopsterPoke.app */ = {isa = PBXFileReference; explicitFileType = wrapper.application; includeInIndex = 0; path = HopsterPoke.app; sourceTree = BUILT_PRODUCTS_DIR; };
		0527E7E42BED2709006ECB75 /* AppDelegate.swift */ = {isa = PBXFileReference; lastKnownFileType = sourcecode.swift; path = AppDelegate.swift; sourceTree = "<group>"; };
		0527E7E62BED2709006ECB75 /* GameScene.sks */ = {isa = PBXFileReference; lastKnownFileType = file.sks; path = GameScene.sks; sourceTree = "<group>"; };
		0527E7E82BED2709006ECB75 /* Actions.sks */ = {isa = PBXFileReference; lastKnownFileType = file.sks; path = Actions.sks; sourceTree = "<group>"; };
		0527E7EA2BED2709006ECB75 /* GameScene.swift */ = {isa = PBXFileReference; lastKnownFileType = sourcecode.swift; path = GameScene.swift; sourceTree = "<group>"; };
		0527E7EC2BED2709006ECB75 /* GameViewController.swift */ = {isa = PBXFileReference; lastKnownFileType = sourcecode.swift; path = GameViewController.swift; sourceTree = "<group>"; };
		0527E7EF2BED2709006ECB75 /* Base */ = {isa = PBXFileReference; lastKnownFileType = file.storyboard; name = Base; path = Base.lproj/Main.storyboard; sourceTree = "<group>"; };
		0527E7F12BED270C006ECB75 /* Assets.xcassets */ = {isa = PBXFileReference; lastKnownFileType = folder.assetcatalog; path = Assets.xcassets; sourceTree = "<group>"; };
		0527E7F42BED270C006ECB75 /* Base */ = {isa = PBXFileReference; lastKnownFileType = file.storyboard; name = Base; path = Base.lproj/LaunchScreen.storyboard; sourceTree = "<group>"; };
		05B0C7F82BF4FE91008497FB /* flowerpot_winner.png */ = {isa = PBXFileReference; lastKnownFileType = image.png; path = flowerpot_winner.png; sourceTree = "<group>"; };
		05B0C7FA2BF51C0E008497FB /* flowerpot_double_2.png */ = {isa = PBXFileReference; lastKnownFileType = image.png; path = flowerpot_double_2.png; sourceTree = "<group>"; };
		05B0C7FC2BF51C22008497FB /* flowerpot_double_1.png */ = {isa = PBXFileReference; lastKnownFileType = image.png; path = flowerpot_double_1.png; sourceTree = "<group>"; };
		05D327F82BF24E8C00905592 /* DailyCheckinCellTableViewCell.swift */ = {isa = PBXFileReference; lastKnownFileType = sourcecode.swift; path = DailyCheckinCellTableViewCell.swift; sourceTree = "<group>"; };
		05D327F92BF24E8C00905592 /* DailyCheckinCellTableViewCell.xib */ = {isa = PBXFileReference; lastKnownFileType = file.xib; path = DailyCheckinCellTableViewCell.xib; sourceTree = "<group>"; };
		05D327FC2BF264FD00905592 /* TouchControlInputNode.swift */ = {isa = PBXFileReference; lastKnownFileType = sourcecode.swift; path = TouchControlInputNode.swift; sourceTree = "<group>"; };
		05D327FE2BF2688400905592 /* ControlInputDelegate.swift */ = {isa = PBXFileReference; lastKnownFileType = sourcecode.swift; path = ControlInputDelegate.swift; sourceTree = "<group>"; };
		05D328002BF274CE00905592 /* PlayerControlComponent.swift */ = {isa = PBXFileReference; lastKnownFileType = sourcecode.swift; path = PlayerControlComponent.swift; sourceTree = "<group>"; };
		05D35D612BEFD93200605C78 /* HomeViewController.swift */ = {isa = PBXFileReference; lastKnownFileType = sourcecode.swift; path = HomeViewController.swift; sourceTree = "<group>"; };
		05D35D632BEFDB8100605C78 /* GangOfThree.ttf */ = {isa = PBXFileReference; lastKnownFileType = file; path = GangOfThree.ttf; sourceTree = "<group>"; };
		05D35D652BEFDBA500605C78 /* Info.plist */ = {isa = PBXFileReference; lastKnownFileType = text.plist; path = Info.plist; sourceTree = "<group>"; };
		05DCE80B2BF04C5B00F97317 /* CurveLabel.swift */ = {isa = PBXFileReference; lastKnownFileType = sourcecode.swift; path = CurveLabel.swift; sourceTree = "<group>"; };
		05DCE80D2BF0512300F97317 /* UIColor+Extension.swift */ = {isa = PBXFileReference; lastKnownFileType = sourcecode.swift; path = "UIColor+Extension.swift"; sourceTree = "<group>"; };
		05DCE80F2BF0602F00F97317 /* MenuView.swift */ = {isa = PBXFileReference; lastKnownFileType = sourcecode.swift; path = MenuView.swift; sourceTree = "<group>"; };
		05DCE8112BF06FC300F97317 /* InstructionView.swift */ = {isa = PBXFileReference; lastKnownFileType = sourcecode.swift; path = InstructionView.swift; sourceTree = "<group>"; };
		05DCE8132BF0B44800F97317 /* OptionView.swift */ = {isa = PBXFileReference; lastKnownFileType = sourcecode.swift; path = OptionView.swift; sourceTree = "<group>"; };
		05DCE8152BF0B9D100F97317 /* UserInfomation.swift */ = {isa = PBXFileReference; lastKnownFileType = sourcecode.swift; path = UserInfomation.swift; sourceTree = "<group>"; };
		05DCE8172BF0FA2000F97317 /* GameWarningView.swift */ = {isa = PBXFileReference; lastKnownFileType = sourcecode.swift; path = GameWarningView.swift; sourceTree = "<group>"; };
		05DCE8192BF105AF00F97317 /* BetView.swift */ = {isa = PBXFileReference; lastKnownFileType = sourcecode.swift; path = BetView.swift; sourceTree = "<group>"; };
		05E317242BF6611300CB3280 /* minigamewin.mp3 */ = {isa = PBXFileReference; lastKnownFileType = audio.mp3; path = minigamewin.mp3; sourceTree = "<group>"; };
		05E317262BF6635200CB3280 /* minigametapbutton.mp3 */ = {isa = PBXFileReference; lastKnownFileType = audio.mp3; path = minigametapbutton.mp3; sourceTree = "<group>"; };
		05F629092BF30AF00028EFAE /* flowerpot1.png */ = {isa = PBXFileReference; lastKnownFileType = image.png; path = flowerpot1.png; sourceTree = "<group>"; };
		05F6290B2BF30AF80028EFAE /* flowerpot2.png */ = {isa = PBXFileReference; lastKnownFileType = image.png; path = flowerpot2.png; sourceTree = "<group>"; };
		05F6290F2BF313100028EFAE /* MiniGameController.swift */ = {isa = PBXFileReference; lastKnownFileType = sourcecode.swift; path = MiniGameController.swift; sourceTree = "<group>"; };
		05FC55BF2BF3B5DF00DDE126 /* flowerpot3.png */ = {isa = PBXFileReference; lastKnownFileType = image.png; path = flowerpot3.png; sourceTree = "<group>"; };
		05FC55C12BF3B5E600DDE126 /* flowerpot4.png */ = {isa = PBXFileReference; lastKnownFileType = image.png; path = flowerpot4.png; sourceTree = "<group>"; };
		05FC55C32BF3B5EC00DDE126 /* flowerpot5.png */ = {isa = PBXFileReference; lastKnownFileType = image.png; path = flowerpot5.png; sourceTree = "<group>"; };
		15F5220A69B6C51A39B62E86 /* Pods-HopsterPoke.debug.xcconfig */ = {isa = PBXFileReference; includeInIndex = 1; lastKnownFileType = text.xcconfig; name = "Pods-HopsterPoke.debug.xcconfig"; path = "Target Support Files/Pods-HopsterPoke/Pods-HopsterPoke.debug.xcconfig"; sourceTree = "<group>"; };
		81DB08E08893CA289D880388 /* Pods-HopsterPoke.release.xcconfig */ = {isa = PBXFileReference; includeInIndex = 1; lastKnownFileType = text.xcconfig; name = "Pods-HopsterPoke.release.xcconfig"; path = "Target Support Files/Pods-HopsterPoke/Pods-HopsterPoke.release.xcconfig"; sourceTree = "<group>"; };
		9AB0A2B7CD2AFC9385AF8204 /* Pods_HopsterPoke.framework */ = {isa = PBXFileReference; explicitFileType = wrapper.framework; includeInIndex = 0; path = Pods_HopsterPoke.framework; sourceTree = BUILT_PRODUCTS_DIR; };
		F024390C2BF4404D00FAEDD7 /* one_heart_left.wav */ = {isa = PBXFileReference; lastKnownFileType = audio.wav; path = one_heart_left.wav; sourceTree = "<group>"; };
		F05B85D42BF5DB360096451A /* flowerpot_tripple_1.png */ = {isa = PBXFileReference; lastKnownFileType = image.png; path = flowerpot_tripple_1.png; sourceTree = "<group>"; };
		F05CAF422BF1A34400AF90D2 /* SoundService.swift */ = {isa = PBXFileReference; lastKnownFileType = sourcecode.swift; path = SoundService.swift; sourceTree = "<group>"; };
		F05CAF472BF1B23700AF90D2 /* button_tap.mp3 */ = {isa = PBXFileReference; lastKnownFileType = audio.mp3; path = button_tap.mp3; sourceTree = "<group>"; };
		F05CAF492BF1B6AC00AF90D2 /* NotificationService.swift */ = {isa = PBXFileReference; lastKnownFileType = sourcecode.swift; path = NotificationService.swift; sourceTree = "<group>"; };
		F05CAF4D2BF1C00800AF90D2 /* DailyCheckinViewController.swift */ = {isa = PBXFileReference; lastKnownFileType = sourcecode.swift; path = DailyCheckinViewController.swift; sourceTree = "<group>"; };
		F05CAF532BF1C68600AF90D2 /* arrow_up_down.wav */ = {isa = PBXFileReference; lastKnownFileType = audio.wav; path = arrow_up_down.wav; sourceTree = "<group>"; };
/* End PBXFileReference section */

/* Begin PBXFrameworksBuildPhase section */
		0527E7DE2BED2709006ECB75 /* Frameworks */ = {
			isa = PBXFrameworksBuildPhase;
			buildActionMask = 2147483647;
			files = (
				3FF6CB821A65AA32F9E3CAE0 /* Pods_HopsterPoke.framework in Frameworks */,
			);
			runOnlyForDeploymentPostprocessing = 0;
		};
/* End PBXFrameworksBuildPhase section */

/* Begin PBXGroup section */
		0527E7D82BED2709006ECB75 = {
			isa = PBXGroup;
			children = (
				0527E7E32BED2709006ECB75 /* HopsterPoke */,
				0527E7E22BED2709006ECB75 /* Products */,
				A072DEE7551ED64885BC2EB2 /* Pods */,
				A1D05A29E5179309A0B0CFEE /* Frameworks */,
			);
			sourceTree = "<group>";
		};
		0527E7E22BED2709006ECB75 /* Products */ = {
			isa = PBXGroup;
			children = (
				0527E7E12BED2709006ECB75 /* HopsterPoke.app */,
			);
			name = Products;
			sourceTree = "<group>";
		};
		0527E7E32BED2709006ECB75 /* HopsterPoke */ = {
			isa = PBXGroup;
			children = (
				05F629022BF2FD0D0028EFAE /* cacti */,
				F05CAF532BF1C68600AF90D2 /* arrow_up_down.wav */,
				F024390C2BF4404D00FAEDD7 /* one_heart_left.wav */,
				F05CAF4B2BF1B6B300AF90D2 /* Service */,
				05D35D652BEFDBA500605C78 /* Info.plist */,
				05D35D632BEFDB8100605C78 /* GangOfThree.ttf */,
				0527E7E42BED2709006ECB75 /* AppDelegate.swift */,
				0527E7E62BED2709006ECB75 /* GameScene.sks */,
				0527E7E82BED2709006ECB75 /* Actions.sks */,
				0527E7EA2BED2709006ECB75 /* GameScene.swift */,
				0527E7EC2BED2709006ECB75 /* GameViewController.swift */,
				0527E7EE2BED2709006ECB75 /* Main.storyboard */,
				0527E7F12BED270C006ECB75 /* Assets.xcassets */,
				0527E7F32BED270C006ECB75 /* LaunchScreen.storyboard */,
				05D35D612BEFD93200605C78 /* HomeViewController.swift */,
				05DCE80B2BF04C5B00F97317 /* CurveLabel.swift */,
				05DCE80D2BF0512300F97317 /* UIColor+Extension.swift */,
				05DCE80F2BF0602F00F97317 /* MenuView.swift */,
				05DCE8112BF06FC300F97317 /* InstructionView.swift */,
				05DCE8132BF0B44800F97317 /* OptionView.swift */,
				05DCE8152BF0B9D100F97317 /* UserInfomation.swift */,
				05DCE8172BF0FA2000F97317 /* GameWarningView.swift */,
				05DCE8192BF105AF00F97317 /* BetView.swift */,
				F05CAF4D2BF1C00800AF90D2 /* DailyCheckinViewController.swift */,
				05D327F82BF24E8C00905592 /* DailyCheckinCellTableViewCell.swift */,
				05D327F92BF24E8C00905592 /* DailyCheckinCellTableViewCell.xib */,
				05D327FC2BF264FD00905592 /* TouchControlInputNode.swift */,
				05D327FE2BF2688400905592 /* ControlInputDelegate.swift */,
				05D328002BF274CE00905592 /* PlayerControlComponent.swift */,
				05F6290F2BF313100028EFAE /* MiniGameController.swift */,
			);
			path = HopsterPoke;
			sourceTree = "<group>";
		};
		05F629022BF2FD0D0028EFAE /* cacti */ = {
			isa = PBXGroup;
			children = (
				F05B85D42BF5DB360096451A /* flowerpot_tripple_1.png */,
				05B0C7FC2BF51C22008497FB /* flowerpot_double_1.png */,
				05B0C7FA2BF51C0E008497FB /* flowerpot_double_2.png */,
				05B0C7F82BF4FE91008497FB /* flowerpot_winner.png */,
				05FC55C32BF3B5EC00DDE126 /* flowerpot5.png */,
				05FC55C12BF3B5E600DDE126 /* flowerpot4.png */,
				05FC55BF2BF3B5DF00DDE126 /* flowerpot3.png */,
				05F6290B2BF30AF80028EFAE /* flowerpot2.png */,
				05F629092BF30AF00028EFAE /* flowerpot1.png */,
			);
			path = cacti;
			sourceTree = "<group>";
		};
		A072DEE7551ED64885BC2EB2 /* Pods */ = {
			isa = PBXGroup;
			children = (
				15F5220A69B6C51A39B62E86 /* Pods-HopsterPoke.debug.xcconfig */,
				81DB08E08893CA289D880388 /* Pods-HopsterPoke.release.xcconfig */,
			);
			path = Pods;
			sourceTree = "<group>";
		};
		A1D05A29E5179309A0B0CFEE /* Frameworks */ = {
			isa = PBXGroup;
			children = (
				9AB0A2B7CD2AFC9385AF8204 /* Pods_HopsterPoke.framework */,
			);
			name = Frameworks;
			sourceTree = "<group>";
		};
		F05CAF442BF1A38100AF90D2 /* Sounds */ = {
			isa = PBXGroup;
			children = (
				F05CAF472BF1B23700AF90D2 /* button_tap.mp3 */,
				05E317262BF6635200CB3280 /* minigametapbutton.mp3 */,
				05E317242BF6611300CB3280 /* minigamewin.mp3 */,
				F05CAF422BF1A34400AF90D2 /* SoundService.swift */,
			);
			path = Sounds;
			sourceTree = "<group>";
		};
		F05CAF4B2BF1B6B300AF90D2 /* Service */ = {
			isa = PBXGroup;
			children = (
				F05CAF4C2BF1B6B900AF90D2 /* Notification */,
				F05CAF442BF1A38100AF90D2 /* Sounds */,
			);
			path = Service;
			sourceTree = "<group>";
		};
		F05CAF4C2BF1B6B900AF90D2 /* Notification */ = {
			isa = PBXGroup;
			children = (
				F05CAF492BF1B6AC00AF90D2 /* NotificationService.swift */,
			);
			path = Notification;
			sourceTree = "<group>";
		};
/* End PBXGroup section */

/* Begin PBXNativeTarget section */
		0527E7E02BED2709006ECB75 /* HopsterPoke */ = {
			isa = PBXNativeTarget;
			buildConfigurationList = 0527E7F82BED270C006ECB75 /* Build configuration list for PBXNativeTarget "HopsterPoke" */;
			buildPhases = (
				077CDCB286EFF57CBE1430F6 /* [CP] Check Pods Manifest.lock */,
				0527E7DD2BED2709006ECB75 /* Sources */,
				0527E7DE2BED2709006ECB75 /* Frameworks */,
				0527E7DF2BED2709006ECB75 /* Resources */,
				BF78C76307E83F644BF8DACF /* [CP] Embed Pods Frameworks */,
			);
			buildRules = (
			);
			dependencies = (
			);
			name = HopsterPoke;
			productName = HopsterPoke;
			productReference = 0527E7E12BED2709006ECB75 /* HopsterPoke.app */;
			productType = "com.apple.product-type.application";
		};
/* End PBXNativeTarget section */

/* Begin PBXProject section */
		0527E7D92BED2709006ECB75 /* Project object */ = {
			isa = PBXProject;
			attributes = {
				BuildIndependentTargetsInParallel = 1;
				LastSwiftUpdateCheck = 1530;
				LastUpgradeCheck = 1530;
				TargetAttributes = {
					0527E7E02BED2709006ECB75 = {
						CreatedOnToolsVersion = 15.3;
					};
				};
			};
			buildConfigurationList = 0527E7DC2BED2709006ECB75 /* Build configuration list for PBXProject "HopsterPoke" */;
			compatibilityVersion = "Xcode 14.0";
			developmentRegion = en;
			hasScannedForEncodings = 0;
			knownRegions = (
				en,
				Base,
			);
			mainGroup = 0527E7D82BED2709006ECB75;
			productRefGroup = 0527E7E22BED2709006ECB75 /* Products */;
			projectDirPath = "";
			projectRoot = "";
			targets = (
				0527E7E02BED2709006ECB75 /* HopsterPoke */,
			);
		};
/* End PBXProject section */

/* Begin PBXResourcesBuildPhase section */
		0527E7DF2BED2709006ECB75 /* Resources */ = {
			isa = PBXResourcesBuildPhase;
			buildActionMask = 2147483647;
			files = (
				05E317252BF6611300CB3280 /* minigamewin.mp3 in Resources */,
				05FC55C22BF3B5E600DDE126 /* flowerpot4.png in Resources */,
				05D35D642BEFDB8100605C78 /* GangOfThree.ttf in Resources */,
				05F6290A2BF30AF00028EFAE /* flowerpot1.png in Resources */,
				F05CAF482BF1B23700AF90D2 /* button_tap.mp3 in Resources */,
				0527E7E72BED2709006ECB75 /* GameScene.sks in Resources */,
				05D327FB2BF24E8C00905592 /* DailyCheckinCellTableViewCell.xib in Resources */,
				0527E7F02BED2709006ECB75 /* Base in Resources */,
				F05CAF542BF1C68600AF90D2 /* arrow_up_down.wav in Resources */,
				F024390D2BF4404D00FAEDD7 /* one_heart_left.wav in Resources */,
				05B0C7FB2BF51C0E008497FB /* flowerpot_double_2.png in Resources */,
				0527E7F22BED270C006ECB75 /* Assets.xcassets in Resources */,
				0527E7E92BED2709006ECB75 /* Actions.sks in Resources */,
				05B0C7F92BF4FE91008497FB /* flowerpot_winner.png in Resources */,
				05E317272BF6635200CB3280 /* minigametapbutton.mp3 in Resources */,
				05FC55C42BF3B5EC00DDE126 /* flowerpot5.png in Resources */,
				F05B85D52BF5DB360096451A /* flowerpot_tripple_1.png in Resources */,
				0527E7F52BED270C006ECB75 /* Base in Resources */,
				05B0C7FD2BF51C22008497FB /* flowerpot_double_1.png in Resources */,
				05FC55C02BF3B5DF00DDE126 /* flowerpot3.png in Resources */,
				05F6290C2BF30AF80028EFAE /* flowerpot2.png in Resources */,
			);
			runOnlyForDeploymentPostprocessing = 0;
		};
/* End PBXResourcesBuildPhase section */

/* Begin PBXShellScriptBuildPhase section */
		077CDCB286EFF57CBE1430F6 /* [CP] Check Pods Manifest.lock */ = {
			isa = PBXShellScriptBuildPhase;
			buildActionMask = 2147483647;
			files = (
			);
			inputFileListPaths = (
			);
			inputPaths = (
				"${PODS_PODFILE_DIR_PATH}/Podfile.lock",
				"${PODS_ROOT}/Manifest.lock",
			);
			name = "[CP] Check Pods Manifest.lock";
			outputFileListPaths = (
			);
			outputPaths = (
				"$(DERIVED_FILE_DIR)/Pods-HopsterPoke-checkManifestLockResult.txt",
			);
			runOnlyForDeploymentPostprocessing = 0;
			shellPath = /bin/sh;
			shellScript = "diff \"${PODS_PODFILE_DIR_PATH}/Podfile.lock\" \"${PODS_ROOT}/Manifest.lock\" > /dev/null\nif [ $? != 0 ] ; then\n    # print error to STDERR\n    echo \"error: The sandbox is not in sync with the Podfile.lock. Run 'pod install' or update your CocoaPods installation.\" >&2\n    exit 1\nfi\n# This output is used by Xcode 'outputs' to avoid re-running this script phase.\necho \"SUCCESS\" > \"${SCRIPT_OUTPUT_FILE_0}\"\n";
			showEnvVarsInLog = 0;
		};
		BF78C76307E83F644BF8DACF /* [CP] Embed Pods Frameworks */ = {
			isa = PBXShellScriptBuildPhase;
			buildActionMask = 2147483647;
			files = (
			);
			inputFileListPaths = (
				"${PODS_ROOT}/Target Support Files/Pods-HopsterPoke/Pods-HopsterPoke-frameworks-${CONFIGURATION}-input-files.xcfilelist",
			);
			name = "[CP] Embed Pods Frameworks";
			outputFileListPaths = (
				"${PODS_ROOT}/Target Support Files/Pods-HopsterPoke/Pods-HopsterPoke-frameworks-${CONFIGURATION}-output-files.xcfilelist",
			);
			runOnlyForDeploymentPostprocessing = 0;
			shellPath = /bin/sh;
			shellScript = "\"${PODS_ROOT}/Target Support Files/Pods-HopsterPoke/Pods-HopsterPoke-frameworks.sh\"\n";
			showEnvVarsInLog = 0;
		};
/* End PBXShellScriptBuildPhase section */

/* Begin PBXSourcesBuildPhase section */
		0527E7DD2BED2709006ECB75 /* Sources */ = {
			isa = PBXSourcesBuildPhase;
			buildActionMask = 2147483647;
			files = (
				F05CAF432BF1A34400AF90D2 /* SoundService.swift in Sources */,
				05DCE8102BF0602F00F97317 /* MenuView.swift in Sources */,
				F05CAF4A2BF1B6AC00AF90D2 /* NotificationService.swift in Sources */,
				05DCE80C2BF04C5B00F97317 /* CurveLabel.swift in Sources */,
				0527E7EB2BED2709006ECB75 /* GameScene.swift in Sources */,
				F05CAF4E2BF1C00800AF90D2 /* DailyCheckinViewController.swift in Sources */,
				05F629102BF313100028EFAE /* MiniGameController.swift in Sources */,
				0527E7ED2BED2709006ECB75 /* GameViewController.swift in Sources */,
				05D327FF2BF2688400905592 /* ControlInputDelegate.swift in Sources */,
				05DCE8182BF0FA2000F97317 /* GameWarningView.swift in Sources */,
				05DCE8162BF0B9D100F97317 /* UserInfomation.swift in Sources */,
				05D327FA2BF24E8C00905592 /* DailyCheckinCellTableViewCell.swift in Sources */,
				05D327FD2BF264FD00905592 /* TouchControlInputNode.swift in Sources */,
				05DCE81A2BF105AF00F97317 /* BetView.swift in Sources */,
				05D328012BF274CE00905592 /* PlayerControlComponent.swift in Sources */,
				05DCE80E2BF0512300F97317 /* UIColor+Extension.swift in Sources */,
				05DCE8122BF06FC300F97317 /* InstructionView.swift in Sources */,
				0527E7E52BED2709006ECB75 /* AppDelegate.swift in Sources */,
				05DCE8142BF0B44800F97317 /* OptionView.swift in Sources */,
				05D35D622BEFD93200605C78 /* HomeViewController.swift in Sources */,
			);
			runOnlyForDeploymentPostprocessing = 0;
		};
/* End PBXSourcesBuildPhase section */

/* Begin PBXVariantGroup section */
		0527E7EE2BED2709006ECB75 /* Main.storyboard */ = {
			isa = PBXVariantGroup;
			children = (
				0527E7EF2BED2709006ECB75 /* Base */,
			);
			name = Main.storyboard;
			sourceTree = "<group>";
		};
		0527E7F32BED270C006ECB75 /* LaunchScreen.storyboard */ = {
			isa = PBXVariantGroup;
			children = (
				0527E7F42BED270C006ECB75 /* Base */,
			);
			name = LaunchScreen.storyboard;
			sourceTree = "<group>";
		};
/* End PBXVariantGroup section */

/* Begin XCBuildConfiguration section */
		0527E7F62BED270C006ECB75 /* Debug */ = {
			isa = XCBuildConfiguration;
			buildSettings = {
				ALWAYS_SEARCH_USER_PATHS = NO;
				ASSETCATALOG_COMPILER_GENERATE_SWIFT_ASSET_SYMBOL_EXTENSIONS = YES;
				CLANG_ANALYZER_NONNULL = YES;
				CLANG_ANALYZER_NUMBER_OBJECT_CONVERSION = YES_AGGRESSIVE;
				CLANG_CXX_LANGUAGE_STANDARD = "gnu++20";
				CLANG_ENABLE_MODULES = YES;
				CLANG_ENABLE_OBJC_ARC = YES;
				CLANG_ENABLE_OBJC_WEAK = YES;
				CLANG_WARN_BLOCK_CAPTURE_AUTORELEASING = YES;
				CLANG_WARN_BOOL_CONVERSION = YES;
				CLANG_WARN_COMMA = YES;
				CLANG_WARN_CONSTANT_CONVERSION = YES;
				CLANG_WARN_DEPRECATED_OBJC_IMPLEMENTATIONS = YES;
				CLANG_WARN_DIRECT_OBJC_ISA_USAGE = YES_ERROR;
				CLANG_WARN_DOCUMENTATION_COMMENTS = YES;
				CLANG_WARN_EMPTY_BODY = YES;
				CLANG_WARN_ENUM_CONVERSION = YES;
				CLANG_WARN_INFINITE_RECURSION = YES;
				CLANG_WARN_INT_CONVERSION = YES;
				CLANG_WARN_NON_LITERAL_NULL_CONVERSION = YES;
				CLANG_WARN_OBJC_IMPLICIT_RETAIN_SELF = YES;
				CLANG_WARN_OBJC_LITERAL_CONVERSION = YES;
				CLANG_WARN_OBJC_ROOT_CLASS = YES_ERROR;
				CLANG_WARN_QUOTED_INCLUDE_IN_FRAMEWORK_HEADER = YES;
				CLANG_WARN_RANGE_LOOP_ANALYSIS = YES;
				CLANG_WARN_STRICT_PROTOTYPES = YES;
				CLANG_WARN_SUSPICIOUS_MOVE = YES;
				CLANG_WARN_UNGUARDED_AVAILABILITY = YES_AGGRESSIVE;
				CLANG_WARN_UNREACHABLE_CODE = YES;
				CLANG_WARN__DUPLICATE_METHOD_MATCH = YES;
				COPY_PHASE_STRIP = NO;
				DEBUG_INFORMATION_FORMAT = dwarf;
				ENABLE_STRICT_OBJC_MSGSEND = YES;
				ENABLE_TESTABILITY = YES;
				ENABLE_USER_SCRIPT_SANDBOXING = YES;
				GCC_C_LANGUAGE_STANDARD = gnu17;
				GCC_DYNAMIC_NO_PIC = NO;
				GCC_NO_COMMON_BLOCKS = YES;
				GCC_OPTIMIZATION_LEVEL = 0;
				GCC_PREPROCESSOR_DEFINITIONS = (
					"DEBUG=1",
					"$(inherited)",
				);
				GCC_WARN_64_TO_32_BIT_CONVERSION = YES;
				GCC_WARN_ABOUT_RETURN_TYPE = YES_ERROR;
				GCC_WARN_UNDECLARED_SELECTOR = YES;
				GCC_WARN_UNINITIALIZED_AUTOS = YES_AGGRESSIVE;
				GCC_WARN_UNUSED_FUNCTION = YES;
				GCC_WARN_UNUSED_VARIABLE = YES;
				IPHONEOS_DEPLOYMENT_TARGET = 17.4;
				LOCALIZATION_PREFERS_STRING_CATALOGS = YES;
				MTL_ENABLE_DEBUG_INFO = INCLUDE_SOURCE;
				MTL_FAST_MATH = YES;
				ONLY_ACTIVE_ARCH = YES;
				SDKROOT = iphoneos;
				SWIFT_ACTIVE_COMPILATION_CONDITIONS = "DEBUG $(inherited)";
				SWIFT_OPTIMIZATION_LEVEL = "-Onone";
			};
			name = Debug;
		};
		0527E7F72BED270C006ECB75 /* Release */ = {
			isa = XCBuildConfiguration;
			buildSettings = {
				ALWAYS_SEARCH_USER_PATHS = NO;
				ASSETCATALOG_COMPILER_GENERATE_SWIFT_ASSET_SYMBOL_EXTENSIONS = YES;
				CLANG_ANALYZER_NONNULL = YES;
				CLANG_ANALYZER_NUMBER_OBJECT_CONVERSION = YES_AGGRESSIVE;
				CLANG_CXX_LANGUAGE_STANDARD = "gnu++20";
				CLANG_ENABLE_MODULES = YES;
				CLANG_ENABLE_OBJC_ARC = YES;
				CLANG_ENABLE_OBJC_WEAK = YES;
				CLANG_WARN_BLOCK_CAPTURE_AUTORELEASING = YES;
				CLANG_WARN_BOOL_CONVERSION = YES;
				CLANG_WARN_COMMA = YES;
				CLANG_WARN_CONSTANT_CONVERSION = YES;
				CLANG_WARN_DEPRECATED_OBJC_IMPLEMENTATIONS = YES;
				CLANG_WARN_DIRECT_OBJC_ISA_USAGE = YES_ERROR;
				CLANG_WARN_DOCUMENTATION_COMMENTS = YES;
				CLANG_WARN_EMPTY_BODY = YES;
				CLANG_WARN_ENUM_CONVERSION = YES;
				CLANG_WARN_INFINITE_RECURSION = YES;
				CLANG_WARN_INT_CONVERSION = YES;
				CLANG_WARN_NON_LITERAL_NULL_CONVERSION = YES;
				CLANG_WARN_OBJC_IMPLICIT_RETAIN_SELF = YES;
				CLANG_WARN_OBJC_LITERAL_CONVERSION = YES;
				CLANG_WARN_OBJC_ROOT_CLASS = YES_ERROR;
				CLANG_WARN_QUOTED_INCLUDE_IN_FRAMEWORK_HEADER = YES;
				CLANG_WARN_RANGE_LOOP_ANALYSIS = YES;
				CLANG_WARN_STRICT_PROTOTYPES = YES;
				CLANG_WARN_SUSPICIOUS_MOVE = YES;
				CLANG_WARN_UNGUARDED_AVAILABILITY = YES_AGGRESSIVE;
				CLANG_WARN_UNREACHABLE_CODE = YES;
				CLANG_WARN__DUPLICATE_METHOD_MATCH = YES;
				COPY_PHASE_STRIP = NO;
				DEBUG_INFORMATION_FORMAT = "dwarf-with-dsym";
				ENABLE_NS_ASSERTIONS = NO;
				ENABLE_STRICT_OBJC_MSGSEND = YES;
				ENABLE_USER_SCRIPT_SANDBOXING = YES;
				GCC_C_LANGUAGE_STANDARD = gnu17;
				GCC_NO_COMMON_BLOCKS = YES;
				GCC_WARN_64_TO_32_BIT_CONVERSION = YES;
				GCC_WARN_ABOUT_RETURN_TYPE = YES_ERROR;
				GCC_WARN_UNDECLARED_SELECTOR = YES;
				GCC_WARN_UNINITIALIZED_AUTOS = YES_AGGRESSIVE;
				GCC_WARN_UNUSED_FUNCTION = YES;
				GCC_WARN_UNUSED_VARIABLE = YES;
				IPHONEOS_DEPLOYMENT_TARGET = 17.4;
				LOCALIZATION_PREFERS_STRING_CATALOGS = YES;
				MTL_ENABLE_DEBUG_INFO = NO;
				MTL_FAST_MATH = YES;
				SDKROOT = iphoneos;
				SWIFT_COMPILATION_MODE = wholemodule;
				VALIDATE_PRODUCT = YES;
			};
			name = Release;
		};
		0527E7F92BED270C006ECB75 /* Debug */ = {
			isa = XCBuildConfiguration;
			baseConfigurationReference = 15F5220A69B6C51A39B62E86 /* Pods-HopsterPoke.debug.xcconfig */;
			buildSettings = {
				ASSETCATALOG_COMPILER_APPICON_NAME = AppIcon;
				ASSETCATALOG_COMPILER_GLOBAL_ACCENT_COLOR_NAME = AccentColor;
				CODE_SIGN_IDENTITY = "Apple Development";
				CODE_SIGN_STYLE = Automatic;
				CURRENT_PROJECT_VERSION = 1;
				DEVELOPMENT_TEAM = "";
				ENABLE_USER_SCRIPT_SANDBOXING = NO;
				GENERATE_INFOPLIST_FILE = YES;
				INFOPLIST_FILE = HopsterPoke/Info.plist;
				INFOPLIST_KEY_UIApplicationSupportsIndirectInputEvents = YES;
				INFOPLIST_KEY_UILaunchStoryboardName = LaunchScreen;
				INFOPLIST_KEY_UIMainStoryboardFile = Main;
				INFOPLIST_KEY_UIStatusBarHidden = YES;
				INFOPLIST_KEY_UISupportedInterfaceOrientations = UIInterfaceOrientationPortrait;
				INFOPLIST_KEY_UISupportedInterfaceOrientations_iPad = "UIInterfaceOrientationPortrait UIInterfaceOrientationPortraitUpsideDown";
				IPHONEOS_DEPLOYMENT_TARGET = 13.0;
				LD_RUNPATH_SEARCH_PATHS = (
					"$(inherited)",
					"@executable_path/Frameworks",
				);
				MARKETING_VERSION = 1.0;
				PRODUCT_BUNDLE_IDENTIFIER = com.h0ph0psterpoke.rabbit;
				PRODUCT_NAME = "$(TARGET_NAME)";
				PROVISIONING_PROFILE_SPECIFIER = "";
				SWIFT_EMIT_LOC_STRINGS = YES;
				SWIFT_VERSION = 5.0;
				TARGETED_DEVICE_FAMILY = "1,2";
			};
			name = Debug;
		};
		0527E7FA2BED270C006ECB75 /* Release */ = {
			isa = XCBuildConfiguration;
			baseConfigurationReference = 81DB08E08893CA289D880388 /* Pods-HopsterPoke.release.xcconfig */;
			buildSettings = {
				ASSETCATALOG_COMPILER_APPICON_NAME = AppIcon;
				ASSETCATALOG_COMPILER_GLOBAL_ACCENT_COLOR_NAME = AccentColor;
				CODE_SIGN_IDENTITY = "Apple Development";
				CODE_SIGN_STYLE = Automatic;
				CURRENT_PROJECT_VERSION = 1;
				DEVELOPMENT_TEAM = "";
				ENABLE_USER_SCRIPT_SANDBOXING = NO;
				GENERATE_INFOPLIST_FILE = YES;
				INFOPLIST_FILE = HopsterPoke/Info.plist;
				INFOPLIST_KEY_UIApplicationSupportsIndirectInputEvents = YES;
				INFOPLIST_KEY_UILaunchStoryboardName = LaunchScreen;
				INFOPLIST_KEY_UIMainStoryboardFile = Main;
				INFOPLIST_KEY_UIStatusBarHidden = YES;
				INFOPLIST_KEY_UISupportedInterfaceOrientations = UIInterfaceOrientationPortrait;
				INFOPLIST_KEY_UISupportedInterfaceOrientations_iPad = "UIInterfaceOrientationPortrait UIInterfaceOrientationPortraitUpsideDown";
				IPHONEOS_DEPLOYMENT_TARGET = 13.0;
				LD_RUNPATH_SEARCH_PATHS = (
					"$(inherited)",
					"@executable_path/Frameworks",
				);
				MARKETING_VERSION = 1.0;
				PRODUCT_BUNDLE_IDENTIFIER = com.h0ph0psterpoke.rabbit;
				PRODUCT_NAME = "$(TARGET_NAME)";
				PROVISIONING_PROFILE_SPECIFIER = "";
				SWIFT_EMIT_LOC_STRINGS = YES;
				SWIFT_VERSION = 5.0;
				TARGETED_DEVICE_FAMILY = "1,2";
			};
			name = Release;
		};
/* End XCBuildConfiguration section */

/* Begin XCConfigurationList section */
		0527E7DC2BED2709006ECB75 /* Build configuration list for PBXProject "HopsterPoke" */ = {
			isa = XCConfigurationList;
			buildConfigurations = (
				0527E7F62BED270C006ECB75 /* Debug */,
				0527E7F72BED270C006ECB75 /* Release */,
			);
			defaultConfigurationIsVisible = 0;
			defaultConfigurationName = Release;
		};
		0527E7F82BED270C006ECB75 /* Build configuration list for PBXNativeTarget "HopsterPoke" */ = {
			isa = XCConfigurationList;
			buildConfigurations = (
				0527E7F92BED270C006ECB75 /* Debug */,
				0527E7FA2BED270C006ECB75 /* Release */,
			);
			defaultConfigurationIsVisible = 0;
			defaultConfigurationName = Release;
		};
/* End XCConfigurationList section */
	};
	rootObject = 0527E7D92BED2709006ECB75 /* Project object */;
}
